// !$*UTF8*$!
{
	archiveVersion = 1;
	classes = {
	};
	objectVersion = 56;
	objects = {

/* Begin PBXBuildFile section */
		4D2682032C030D0B003AB06F /* WeightLineChart.swift in Sources */ = {isa = PBXBuildFile; fileRef = 4D2682022C030D0B003AB06F /* WeightLineChart.swift */; };
		4D2682052C030D2F003AB06F /* WeightDiffBarChart.swift in Sources */ = {isa = PBXBuildFile; fileRef = 4D2682042C030D2F003AB06F /* WeightDiffBarChart.swift */; };
		4D2E91FC2C5F046E005E06E1 /* MockData.swift in Sources */ = {isa = PBXBuildFile; fileRef = 4D2E91FB2C5F046E005E06E1 /* MockData.swift */; };
		4D5528E12BE33C89005494E3 /* StepBarChart.swift in Sources */ = {isa = PBXBuildFile; fileRef = 4D5528E02BE33C89005494E3 /* StepBarChart.swift */; };
		4D6EE2FA2C3C7EBB00CF0459 /* STError.swift in Sources */ = {isa = PBXBuildFile; fileRef = 4D6EE2F92C3C7EBB00CF0459 /* STError.swift */; };
		4D6EE2FD2C3C9C7500CF0459 /* Algorithms in Frameworks */ = {isa = PBXBuildFile; productRef = 4D6EE2FC2C3C9C7500CF0459 /* Algorithms */; };
		4D762E7C2C3CD19E00A011F7 /* Array+Ext.swift in Sources */ = {isa = PBXBuildFile; fileRef = 4D762E7B2C3CD19E00A011F7 /* Array+Ext.swift */; };
		4D8163A82BDEE50A00022705 /* DashboardView.swift in Sources */ = {isa = PBXBuildFile; fileRef = 4D8163A62BDEE50A00022705 /* DashboardView.swift */; };
		4D8163A92BDEE50A00022705 /* HealthDataListView.swift in Sources */ = {isa = PBXBuildFile; fileRef = 4D8163A72BDEE50A00022705 /* HealthDataListView.swift */; };
		4D8163AB2BDEE9BF00022705 /* HealthKitPermissionPrimingView.swift in Sources */ = {isa = PBXBuildFile; fileRef = 4D8163AA2BDEE9BF00022705 /* HealthKitPermissionPrimingView.swift */; };
		4D8163AE2BDEEF8B00022705 /* HealthKitManager.swift in Sources */ = {isa = PBXBuildFile; fileRef = 4D8163AD2BDEEF8B00022705 /* HealthKitManager.swift */; };
		4D8163B02BDF60EA00022705 /* HealthMetric.swift in Sources */ = {isa = PBXBuildFile; fileRef = 4D8163AF2BDF60EA00022705 /* HealthMetric.swift */; };
		4DB90F402BE3452600F66161 /* ChartDataTypes.swift in Sources */ = {isa = PBXBuildFile; fileRef = 4DB90F3F2BE3452600F66161 /* ChartDataTypes.swift */; };
		4DB90F432BE345B500F66161 /* Date+Ext.swift in Sources */ = {isa = PBXBuildFile; fileRef = 4DB90F422BE345B500F66161 /* Date+Ext.swift */; };
		4DB90F482BE34D7D00F66161 /* StepPieChart.swift in Sources */ = {isa = PBXBuildFile; fileRef = 4DB90F472BE34D7D00F66161 /* StepPieChart.swift */; };
		4DCBC7582BDC6D1600538B2B /* StepTrackerApp.swift in Sources */ = {isa = PBXBuildFile; fileRef = 4DCBC7572BDC6D1600538B2B /* StepTrackerApp.swift */; };
		4DCBC75C2BDC6D1700538B2B /* Assets.xcassets in Resources */ = {isa = PBXBuildFile; fileRef = 4DCBC75B2BDC6D1700538B2B /* Assets.xcassets */; };
		4DCBC7602BDC6D1700538B2B /* Preview Assets.xcassets in Resources */ = {isa = PBXBuildFile; fileRef = 4DCBC75F2BDC6D1700538B2B /* Preview Assets.xcassets */; };
		4DE35D662C28F0110065055D /* ChartEmptyView.swift in Sources */ = {isa = PBXBuildFile; fileRef = 4DE35D652C28F0110065055D /* ChartEmptyView.swift */; };
		4DF478072C37221C0088E5B9 /* ChartContainer.swift in Sources */ = {isa = PBXBuildFile; fileRef = 4DF478062C37221C0088E5B9 /* ChartContainer.swift */; };
		4DF478092C3780100088E5B9 /* ChartHelper.swift in Sources */ = {isa = PBXBuildFile; fileRef = 4DF478082C3780100088E5B9 /* ChartHelper.swift */; };
		4DF4780B2C3782C10088E5B9 /* ChartAnnotationView.swift in Sources */ = {isa = PBXBuildFile; fileRef = 4DF4780A2C3782C10088E5B9 /* ChartAnnotationView.swift */; };
/* End PBXBuildFile section */

/* Begin PBXFileReference section */
		4D2682022C030D0B003AB06F /* WeightLineChart.swift */ = {isa = PBXFileReference; lastKnownFileType = sourcecode.swift; path = WeightLineChart.swift; sourceTree = "<group>"; };
		4D2682042C030D2F003AB06F /* WeightDiffBarChart.swift */ = {isa = PBXFileReference; lastKnownFileType = sourcecode.swift; path = WeightDiffBarChart.swift; sourceTree = "<group>"; };
		4D2E91FB2C5F046E005E06E1 /* MockData.swift */ = {isa = PBXFileReference; lastKnownFileType = sourcecode.swift; path = MockData.swift; sourceTree = "<group>"; };
		4D5528E02BE33C89005494E3 /* StepBarChart.swift */ = {isa = PBXFileReference; lastKnownFileType = sourcecode.swift; path = StepBarChart.swift; sourceTree = "<group>"; };
		4D6EE2F92C3C7EBB00CF0459 /* STError.swift */ = {isa = PBXFileReference; lastKnownFileType = sourcecode.swift; path = STError.swift; sourceTree = "<group>"; };
		4D762E7B2C3CD19E00A011F7 /* Array+Ext.swift */ = {isa = PBXFileReference; lastKnownFileType = sourcecode.swift; path = "Array+Ext.swift"; sourceTree = "<group>"; };
		4D8163A62BDEE50A00022705 /* DashboardView.swift */ = {isa = PBXFileReference; fileEncoding = 4; lastKnownFileType = sourcecode.swift; path = DashboardView.swift; sourceTree = "<group>"; };
		4D8163A72BDEE50A00022705 /* HealthDataListView.swift */ = {isa = PBXFileReference; fileEncoding = 4; lastKnownFileType = sourcecode.swift; path = HealthDataListView.swift; sourceTree = "<group>"; };
		4D8163AA2BDEE9BF00022705 /* HealthKitPermissionPrimingView.swift */ = {isa = PBXFileReference; lastKnownFileType = sourcecode.swift; path = HealthKitPermissionPrimingView.swift; sourceTree = "<group>"; };
		4D8163AC2BDEEEC900022705 /* Info.plist */ = {isa = PBXFileReference; lastKnownFileType = text.plist.xml; path = Info.plist; sourceTree = "<group>"; };
		4D8163AD2BDEEF8B00022705 /* HealthKitManager.swift */ = {isa = PBXFileReference; lastKnownFileType = sourcecode.swift; path = HealthKitManager.swift; sourceTree = "<group>"; };
		4D8163AF2BDF60EA00022705 /* HealthMetric.swift */ = {isa = PBXFileReference; lastKnownFileType = sourcecode.swift; path = HealthMetric.swift; sourceTree = "<group>"; };
		4DB90F3F2BE3452600F66161 /* ChartDataTypes.swift */ = {isa = PBXFileReference; lastKnownFileType = sourcecode.swift; path = ChartDataTypes.swift; sourceTree = "<group>"; };
		4DB90F422BE345B500F66161 /* Date+Ext.swift */ = {isa = PBXFileReference; lastKnownFileType = sourcecode.swift; path = "Date+Ext.swift"; sourceTree = "<group>"; };
		4DB90F472BE34D7D00F66161 /* StepPieChart.swift */ = {isa = PBXFileReference; lastKnownFileType = sourcecode.swift; path = StepPieChart.swift; sourceTree = "<group>"; };
		4DCBC7542BDC6D1600538B2B /* StepTracker.app */ = {isa = PBXFileReference; explicitFileType = wrapper.application; includeInIndex = 0; path = StepTracker.app; sourceTree = BUILT_PRODUCTS_DIR; };
		4DCBC7572BDC6D1600538B2B /* StepTrackerApp.swift */ = {isa = PBXFileReference; lastKnownFileType = sourcecode.swift; path = StepTrackerApp.swift; sourceTree = "<group>"; };
		4DCBC75B2BDC6D1700538B2B /* Assets.xcassets */ = {isa = PBXFileReference; lastKnownFileType = folder.assetcatalog; path = Assets.xcassets; sourceTree = "<group>"; };
		4DCBC75D2BDC6D1700538B2B /* StepTracker.entitlements */ = {isa = PBXFileReference; lastKnownFileType = text.plist.entitlements; path = StepTracker.entitlements; sourceTree = "<group>"; };
		4DCBC75F2BDC6D1700538B2B /* Preview Assets.xcassets */ = {isa = PBXFileReference; lastKnownFileType = folder.assetcatalog; path = "Preview Assets.xcassets"; sourceTree = "<group>"; };
		4DE35D652C28F0110065055D /* ChartEmptyView.swift */ = {isa = PBXFileReference; lastKnownFileType = sourcecode.swift; path = ChartEmptyView.swift; sourceTree = "<group>"; };
		4DF478062C37221C0088E5B9 /* ChartContainer.swift */ = {isa = PBXFileReference; lastKnownFileType = sourcecode.swift; path = ChartContainer.swift; sourceTree = "<group>"; };
		4DF478082C3780100088E5B9 /* ChartHelper.swift */ = {isa = PBXFileReference; lastKnownFileType = sourcecode.swift; path = ChartHelper.swift; sourceTree = "<group>"; };
		4DF4780A2C3782C10088E5B9 /* ChartAnnotationView.swift */ = {isa = PBXFileReference; lastKnownFileType = sourcecode.swift; path = ChartAnnotationView.swift; sourceTree = "<group>"; };
/* End PBXFileReference section */

/* Begin PBXFrameworksBuildPhase section */
		4DCBC7512BDC6D1600538B2B /* Frameworks */ = {
			isa = PBXFrameworksBuildPhase;
			buildActionMask = 2147483647;
			files = (
				4D6EE2FD2C3C9C7500CF0459 /* Algorithms in Frameworks */,
			);
			runOnlyForDeploymentPostprocessing = 0;
		};
/* End PBXFrameworksBuildPhase section */

/* Begin PBXGroup section */
		4D2681FF2C030C43003AB06F /* Utilitites */ = {
			isa = PBXGroup;
			children = (
				4DB90F412BE3459E00F66161 /* Extensions */,
				4D6EE2F92C3C7EBB00CF0459 /* STError.swift */,
				4D2E91FB2C5F046E005E06E1 /* MockData.swift */,
			);
			path = Utilitites;
			sourceTree = "<group>";
		};
		4D5528E22BE342BC005494E3 /* Screens */ = {
			isa = PBXGroup;
			children = (
				4D8163A62BDEE50A00022705 /* DashboardView.swift */,
				4D8163A72BDEE50A00022705 /* HealthDataListView.swift */,
				4D8163AA2BDEE9BF00022705 /* HealthKitPermissionPrimingView.swift */,
			);
			path = Screens;
			sourceTree = "<group>";
		};
		4D5528E32BE342CE005494E3 /* Charts */ = {
			isa = PBXGroup;
			children = (
				4D762E7D2C3DBAF000A011F7 /* Charts */,
				4D762E7E2C3DBAF700A011F7 /* Chart Utilities */,
				4D762E7F2C3DBAFF00A011F7 /* Chart Custom Views */,
			);
			path = Charts;
			sourceTree = "<group>";
		};
		4D5528E42BE342E5005494E3 /* Model */ = {
			isa = PBXGroup;
			children = (
				4D8163AF2BDF60EA00022705 /* HealthMetric.swift */,
			);
			path = Model;
			sourceTree = "<group>";
		};
		4D5528E52BE342EA005494E3 /* Managers */ = {
			isa = PBXGroup;
			children = (
				4D8163AD2BDEEF8B00022705 /* HealthKitManager.swift */,
			);
			path = Managers;
			sourceTree = "<group>";
		};
		4D762E7D2C3DBAF000A011F7 /* Charts */ = {
			isa = PBXGroup;
			children = (
				4D5528E02BE33C89005494E3 /* StepBarChart.swift */,
				4DB90F472BE34D7D00F66161 /* StepPieChart.swift */,
				4D2682022C030D0B003AB06F /* WeightLineChart.swift */,
				4D2682042C030D2F003AB06F /* WeightDiffBarChart.swift */,
			);
			path = Charts;
			sourceTree = "<group>";
		};
		4D762E7E2C3DBAF700A011F7 /* Chart Utilities */ = {
			isa = PBXGroup;
			children = (
				4DB90F3F2BE3452600F66161 /* ChartDataTypes.swift */,
				4DF478082C3780100088E5B9 /* ChartHelper.swift */,
			);
			path = "Chart Utilities";
			sourceTree = "<group>";
		};
		4D762E7F2C3DBAFF00A011F7 /* Chart Custom Views */ = {
			isa = PBXGroup;
			children = (
				4DE35D652C28F0110065055D /* ChartEmptyView.swift */,
				4DF478062C37221C0088E5B9 /* ChartContainer.swift */,
				4DF4780A2C3782C10088E5B9 /* ChartAnnotationView.swift */,
			);
			path = "Chart Custom Views";
			sourceTree = "<group>";
		};
		4DB90F412BE3459E00F66161 /* Extensions */ = {
			isa = PBXGroup;
			children = (
				4DB90F422BE345B500F66161 /* Date+Ext.swift */,
				4D762E7B2C3CD19E00A011F7 /* Array+Ext.swift */,
			);
			path = Extensions;
			sourceTree = "<group>";
		};
		4DCBC74B2BDC6D1600538B2B = {
			isa = PBXGroup;
			children = (
				4DCBC7562BDC6D1600538B2B /* StepTracker */,
				4DCBC7552BDC6D1600538B2B /* Products */,
			);
			sourceTree = "<group>";
		};
		4DCBC7552BDC6D1600538B2B /* Products */ = {
			isa = PBXGroup;
			children = (
				4DCBC7542BDC6D1600538B2B /* StepTracker.app */,
			);
			name = Products;
			sourceTree = "<group>";
		};
		4DCBC7562BDC6D1600538B2B /* StepTracker */ = {
			isa = PBXGroup;
			children = (
				4D8163AC2BDEEEC900022705 /* Info.plist */,
				4DCBC75D2BDC6D1700538B2B /* StepTracker.entitlements */,
				4DCBC7572BDC6D1600538B2B /* StepTrackerApp.swift */,
				4D2681FF2C030C43003AB06F /* Utilitites */,
				4D5528E52BE342EA005494E3 /* Managers */,
				4D5528E42BE342E5005494E3 /* Model */,
				4D5528E32BE342CE005494E3 /* Charts */,
				4D5528E22BE342BC005494E3 /* Screens */,
				4DCBC75B2BDC6D1700538B2B /* Assets.xcassets */,
				4DCBC75E2BDC6D1700538B2B /* Preview Content */,
			);
			path = StepTracker;
			sourceTree = "<group>";
		};
		4DCBC75E2BDC6D1700538B2B /* Preview Content */ = {
			isa = PBXGroup;
			children = (
				4DCBC75F2BDC6D1700538B2B /* Preview Assets.xcassets */,
			);
			path = "Preview Content";
			sourceTree = "<group>";
		};
/* End PBXGroup section */

/* Begin PBXNativeTarget section */
		4DCBC7532BDC6D1600538B2B /* StepTracker */ = {
			isa = PBXNativeTarget;
			buildConfigurationList = 4DCBC7632BDC6D1700538B2B /* Build configuration list for PBXNativeTarget "StepTracker" */;
			buildPhases = (
				4DCBC7502BDC6D1600538B2B /* Sources */,
				4DCBC7512BDC6D1600538B2B /* Frameworks */,
				4DCBC7522BDC6D1600538B2B /* Resources */,
			);
			buildRules = (
			);
			dependencies = (
			);
			name = StepTracker;
			packageProductDependencies = (
				4D6EE2FC2C3C9C7500CF0459 /* Algorithms */,
			);
			productName = StepTracker;
			productReference = 4DCBC7542BDC6D1600538B2B /* StepTracker.app */;
			productType = "com.apple.product-type.application";
		};
/* End PBXNativeTarget section */

/* Begin PBXProject section */
		4DCBC74C2BDC6D1600538B2B /* Project object */ = {
			isa = PBXProject;
			attributes = {
				BuildIndependentTargetsInParallel = 1;
				LastSwiftUpdateCheck = 1530;
				LastUpgradeCheck = 1530;
				TargetAttributes = {
					4DCBC7532BDC6D1600538B2B = {
						CreatedOnToolsVersion = 15.3;
					};
				};
			};
			buildConfigurationList = 4DCBC74F2BDC6D1600538B2B /* Build configuration list for PBXProject "StepTracker" */;
			compatibilityVersion = "Xcode 14.0";
			developmentRegion = en;
			hasScannedForEncodings = 0;
			knownRegions = (
				en,
				Base,
			);
			mainGroup = 4DCBC74B2BDC6D1600538B2B;
			packageReferences = (
				4D6EE2FB2C3C9C7500CF0459 /* XCRemoteSwiftPackageReference "swift-algorithms" */,
			);
			productRefGroup = 4DCBC7552BDC6D1600538B2B /* Products */;
			projectDirPath = "";
			projectRoot = "";
			targets = (
				4DCBC7532BDC6D1600538B2B /* StepTracker */,
			);
		};
/* End PBXProject section */

/* Begin PBXResourcesBuildPhase section */
		4DCBC7522BDC6D1600538B2B /* Resources */ = {
			isa = PBXResourcesBuildPhase;
			buildActionMask = 2147483647;
			files = (
				4DCBC7602BDC6D1700538B2B /* Preview Assets.xcassets in Resources */,
				4DCBC75C2BDC6D1700538B2B /* Assets.xcassets in Resources */,
			);
			runOnlyForDeploymentPostprocessing = 0;
		};
/* End PBXResourcesBuildPhase section */

/* Begin PBXSourcesBuildPhase section */
		4DCBC7502BDC6D1600538B2B /* Sources */ = {
			isa = PBXSourcesBuildPhase;
			buildActionMask = 2147483647;
			files = (
				4D8163A82BDEE50A00022705 /* DashboardView.swift in Sources */,
				4D2682052C030D2F003AB06F /* WeightDiffBarChart.swift in Sources */,
				4D8163A92BDEE50A00022705 /* HealthDataListView.swift in Sources */,
				4DF4780B2C3782C10088E5B9 /* ChartAnnotationView.swift in Sources */,
				4DF478072C37221C0088E5B9 /* ChartContainer.swift in Sources */,
				4D5528E12BE33C89005494E3 /* StepBarChart.swift in Sources */,
				4DE35D662C28F0110065055D /* ChartEmptyView.swift in Sources */,
				4DCBC7582BDC6D1600538B2B /* StepTrackerApp.swift in Sources */,
				4D2E91FC2C5F046E005E06E1 /* MockData.swift in Sources */,
				4D6EE2FA2C3C7EBB00CF0459 /* STError.swift in Sources */,
				4D8163AE2BDEEF8B00022705 /* HealthKitManager.swift in Sources */,
				4DF478092C3780100088E5B9 /* ChartHelper.swift in Sources */,
				4D8163AB2BDEE9BF00022705 /* HealthKitPermissionPrimingView.swift in Sources */,
				4D2682032C030D0B003AB06F /* WeightLineChart.swift in Sources */,
				4D8163B02BDF60EA00022705 /* HealthMetric.swift in Sources */,
				4DB90F402BE3452600F66161 /* ChartDataTypes.swift in Sources */,
				4D762E7C2C3CD19E00A011F7 /* Array+Ext.swift in Sources */,
				4DB90F482BE34D7D00F66161 /* StepPieChart.swift in Sources */,
				4DB90F432BE345B500F66161 /* Date+Ext.swift in Sources */,
			);
			runOnlyForDeploymentPostprocessing = 0;
		};
/* End PBXSourcesBuildPhase section */

/* Begin XCBuildConfiguration section */
		4DCBC7612BDC6D1700538B2B /* Debug */ = {
			isa = XCBuildConfiguration;
			buildSettings = {
				ALWAYS_SEARCH_USER_PATHS = NO;
				ASSETCATALOG_COMPILER_GENERATE_SWIFT_ASSET_SYMBOL_EXTENSIONS = YES;
				CLANG_ANALYZER_NONNULL = YES;
				CLANG_ANALYZER_NUMBER_OBJECT_CONVERSION = YES_AGGRESSIVE;
				CLANG_CXX_LANGUAGE_STANDARD = "gnu++20";
				CLANG_ENABLE_MODULES = YES;
				CLANG_ENABLE_OBJC_ARC = YES;
				CLANG_ENABLE_OBJC_WEAK = YES;
				CLANG_WARN_BLOCK_CAPTURE_AUTORELEASING = YES;
				CLANG_WARN_BOOL_CONVERSION = YES;
				CLANG_WARN_COMMA = YES;
				CLANG_WARN_CONSTANT_CONVERSION = YES;
				CLANG_WARN_DEPRECATED_OBJC_IMPLEMENTATIONS = YES;
				CLANG_WARN_DIRECT_OBJC_ISA_USAGE = YES_ERROR;
				CLANG_WARN_DOCUMENTATION_COMMENTS = YES;
				CLANG_WARN_EMPTY_BODY = YES;
				CLANG_WARN_ENUM_CONVERSION = YES;
				CLANG_WARN_INFINITE_RECURSION = YES;
				CLANG_WARN_INT_CONVERSION = YES;
				CLANG_WARN_NON_LITERAL_NULL_CONVERSION = YES;
				CLANG_WARN_OBJC_IMPLICIT_RETAIN_SELF = YES;
				CLANG_WARN_OBJC_LITERAL_CONVERSION = YES;
				CLANG_WARN_OBJC_ROOT_CLASS = YES_ERROR;
				CLANG_WARN_QUOTED_INCLUDE_IN_FRAMEWORK_HEADER = YES;
				CLANG_WARN_RANGE_LOOP_ANALYSIS = YES;
				CLANG_WARN_STRICT_PROTOTYPES = YES;
				CLANG_WARN_SUSPICIOUS_MOVE = YES;
				CLANG_WARN_UNGUARDED_AVAILABILITY = YES_AGGRESSIVE;
				CLANG_WARN_UNREACHABLE_CODE = YES;
				CLANG_WARN__DUPLICATE_METHOD_MATCH = YES;
				COPY_PHASE_STRIP = NO;
				DEBUG_INFORMATION_FORMAT = dwarf;
				ENABLE_STRICT_OBJC_MSGSEND = YES;
				ENABLE_TESTABILITY = YES;
				ENABLE_USER_SCRIPT_SANDBOXING = YES;
				GCC_C_LANGUAGE_STANDARD = gnu17;
				GCC_DYNAMIC_NO_PIC = NO;
				GCC_NO_COMMON_BLOCKS = YES;
				GCC_OPTIMIZATION_LEVEL = 0;
				GCC_PREPROCESSOR_DEFINITIONS = (
					"DEBUG=1",
					"$(inherited)",
				);
				GCC_WARN_64_TO_32_BIT_CONVERSION = YES;
				GCC_WARN_ABOUT_RETURN_TYPE = YES_ERROR;
				GCC_WARN_UNDECLARED_SELECTOR = YES;
				GCC_WARN_UNINITIALIZED_AUTOS = YES_AGGRESSIVE;
				GCC_WARN_UNUSED_FUNCTION = YES;
				GCC_WARN_UNUSED_VARIABLE = YES;
				LOCALIZATION_PREFERS_STRING_CATALOGS = YES;
				MTL_ENABLE_DEBUG_INFO = INCLUDE_SOURCE;
				MTL_FAST_MATH = YES;
				ONLY_ACTIVE_ARCH = YES;
				SWIFT_ACTIVE_COMPILATION_CONDITIONS = "DEBUG $(inherited)";
				SWIFT_OPTIMIZATION_LEVEL = "-Onone";
			};
			name = Debug;
		};
		4DCBC7622BDC6D1700538B2B /* Release */ = {
			isa = XCBuildConfiguration;
			buildSettings = {
				ALWAYS_SEARCH_USER_PATHS = NO;
				ASSETCATALOG_COMPILER_GENERATE_SWIFT_ASSET_SYMBOL_EXTENSIONS = YES;
				CLANG_ANALYZER_NONNULL = YES;
				CLANG_ANALYZER_NUMBER_OBJECT_CONVERSION = YES_AGGRESSIVE;
				CLANG_CXX_LANGUAGE_STANDARD = "gnu++20";
				CLANG_ENABLE_MODULES = YES;
				CLANG_ENABLE_OBJC_ARC = YES;
				CLANG_ENABLE_OBJC_WEAK = YES;
				CLANG_WARN_BLOCK_CAPTURE_AUTORELEASING = YES;
				CLANG_WARN_BOOL_CONVERSION = YES;
				CLANG_WARN_COMMA = YES;
				CLANG_WARN_CONSTANT_CONVERSION = YES;
				CLANG_WARN_DEPRECATED_OBJC_IMPLEMENTATIONS = YES;
				CLANG_WARN_DIRECT_OBJC_ISA_USAGE = YES_ERROR;
				CLANG_WARN_DOCUMENTATION_COMMENTS = YES;
				CLANG_WARN_EMPTY_BODY = YES;
				CLANG_WARN_ENUM_CONVERSION = YES;
				CLANG_WARN_INFINITE_RECURSION = YES;
				CLANG_WARN_INT_CONVERSION = YES;
				CLANG_WARN_NON_LITERAL_NULL_CONVERSION = YES;
				CLANG_WARN_OBJC_IMPLICIT_RETAIN_SELF = YES;
				CLANG_WARN_OBJC_LITERAL_CONVERSION = YES;
				CLANG_WARN_OBJC_ROOT_CLASS = YES_ERROR;
				CLANG_WARN_QUOTED_INCLUDE_IN_FRAMEWORK_HEADER = YES;
				CLANG_WARN_RANGE_LOOP_ANALYSIS = YES;
				CLANG_WARN_STRICT_PROTOTYPES = YES;
				CLANG_WARN_SUSPICIOUS_MOVE = YES;
				CLANG_WARN_UNGUARDED_AVAILABILITY = YES_AGGRESSIVE;
				CLANG_WARN_UNREACHABLE_CODE = YES;
				CLANG_WARN__DUPLICATE_METHOD_MATCH = YES;
				COPY_PHASE_STRIP = NO;
				DEBUG_INFORMATION_FORMAT = "dwarf-with-dsym";
				ENABLE_NS_ASSERTIONS = NO;
				ENABLE_STRICT_OBJC_MSGSEND = YES;
				ENABLE_USER_SCRIPT_SANDBOXING = YES;
				GCC_C_LANGUAGE_STANDARD = gnu17;
				GCC_NO_COMMON_BLOCKS = YES;
				GCC_WARN_64_TO_32_BIT_CONVERSION = YES;
				GCC_WARN_ABOUT_RETURN_TYPE = YES_ERROR;
				GCC_WARN_UNDECLARED_SELECTOR = YES;
				GCC_WARN_UNINITIALIZED_AUTOS = YES_AGGRESSIVE;
				GCC_WARN_UNUSED_FUNCTION = YES;
				GCC_WARN_UNUSED_VARIABLE = YES;
				LOCALIZATION_PREFERS_STRING_CATALOGS = YES;
				MTL_ENABLE_DEBUG_INFO = NO;
				MTL_FAST_MATH = YES;
				SWIFT_COMPILATION_MODE = wholemodule;
			};
			name = Release;
		};
		4DCBC7642BDC6D1700538B2B /* Debug */ = {
			isa = XCBuildConfiguration;
			buildSettings = {
				ASSETCATALOG_COMPILER_APPICON_NAME = AppIcon;
				ASSETCATALOG_COMPILER_GLOBAL_ACCENT_COLOR_NAME = AccentColor;
				CODE_SIGN_ENTITLEMENTS = StepTracker/StepTracker.entitlements;
				CODE_SIGN_STYLE = Automatic;
				CURRENT_PROJECT_VERSION = 1;
				DEVELOPMENT_ASSET_PATHS = "\"StepTracker/Preview Content\"";
				DEVELOPMENT_TEAM = 4FH6DPMUTJ;
				ENABLE_HARDENED_RUNTIME = YES;
				ENABLE_PREVIEWS = YES;
				GENERATE_INFOPLIST_FILE = YES;
				INFOPLIST_FILE = StepTracker/Info.plist;
				INFOPLIST_KEY_NSHealthShareUsageDescription = "The app shows your step and weight data in an interactive chart.";
				INFOPLIST_KEY_NSHealthUpdateUsageDescription = "The app allows you to add step and wweight data to Apple Health.";
				"INFOPLIST_KEY_UIApplicationSceneManifest_Generation[sdk=iphoneos*]" = YES;
				"INFOPLIST_KEY_UIApplicationSceneManifest_Generation[sdk=iphonesimulator*]" = YES;
				"INFOPLIST_KEY_UIApplicationSupportsIndirectInputEvents[sdk=iphoneos*]" = YES;
				"INFOPLIST_KEY_UIApplicationSupportsIndirectInputEvents[sdk=iphonesimulator*]" = YES;
				"INFOPLIST_KEY_UILaunchScreen_Generation[sdk=iphoneos*]" = YES;
				"INFOPLIST_KEY_UILaunchScreen_Generation[sdk=iphonesimulator*]" = YES;
				"INFOPLIST_KEY_UIStatusBarStyle[sdk=iphoneos*]" = UIStatusBarStyleDefault;
				"INFOPLIST_KEY_UIStatusBarStyle[sdk=iphonesimulator*]" = UIStatusBarStyleDefault;
				INFOPLIST_KEY_UISupportedInterfaceOrientations_iPad = "UIInterfaceOrientationPortrait UIInterfaceOrientationPortraitUpsideDown UIInterfaceOrientationLandscapeLeft UIInterfaceOrientationLandscapeRight";
				INFOPLIST_KEY_UISupportedInterfaceOrientations_iPhone = "UIInterfaceOrientationPortrait UIInterfaceOrientationLandscapeLeft UIInterfaceOrientationLandscapeRight";
				IPHONEOS_DEPLOYMENT_TARGET = 17.4;
				LD_RUNPATH_SEARCH_PATHS = "@executable_path/Frameworks";
				"LD_RUNPATH_SEARCH_PATHS[sdk=macosx*]" = "@executable_path/../Frameworks";
				MACOSX_DEPLOYMENT_TARGET = 14.4;
				MARKETING_VERSION = 1.0.0;
				PRODUCT_BUNDLE_IDENTIFIER = com.chontorres.StepTracker;
				PRODUCT_NAME = "$(TARGET_NAME)";
				SDKROOT = auto;
				SUPPORTED_PLATFORMS = "iphoneos iphonesimulator macosx";
				SWIFT_EMIT_LOC_STRINGS = YES;
				SWIFT_VERSION = 5.0;
				TARGETED_DEVICE_FAMILY = "1,2";
			};
			name = Debug;
		};
		4DCBC7652BDC6D1700538B2B /* Release */ = {
			isa = XCBuildConfiguration;
			buildSettings = {
				ASSETCATALOG_COMPILER_APPICON_NAME = AppIcon;
				ASSETCATALOG_COMPILER_GLOBAL_ACCENT_COLOR_NAME = AccentColor;
				CODE_SIGN_ENTITLEMENTS = StepTracker/StepTracker.entitlements;
				CODE_SIGN_STYLE = Automatic;
				CURRENT_PROJECT_VERSION = 1;
				DEVELOPMENT_ASSET_PATHS = "\"StepTracker/Preview Content\"";
				DEVELOPMENT_TEAM = 4FH6DPMUTJ;
				ENABLE_HARDENED_RUNTIME = YES;
				ENABLE_PREVIEWS = YES;
				GENERATE_INFOPLIST_FILE = YES;
				INFOPLIST_FILE = StepTracker/Info.plist;
				INFOPLIST_KEY_NSHealthShareUsageDescription = "The app shows your step and weight data in an interactive chart.";
				INFOPLIST_KEY_NSHealthUpdateUsageDescription = "The app allows you to add step and wweight data to Apple Health.";
				"INFOPLIST_KEY_UIApplicationSceneManifest_Generation[sdk=iphoneos*]" = YES;
				"INFOPLIST_KEY_UIApplicationSceneManifest_Generation[sdk=iphonesimulator*]" = YES;
				"INFOPLIST_KEY_UIApplicationSupportsIndirectInputEvents[sdk=iphoneos*]" = YES;
				"INFOPLIST_KEY_UIApplicationSupportsIndirectInputEvents[sdk=iphonesimulator*]" = YES;
				"INFOPLIST_KEY_UILaunchScreen_Generation[sdk=iphoneos*]" = YES;
				"INFOPLIST_KEY_UILaunchScreen_Generation[sdk=iphonesimulator*]" = YES;
				"INFOPLIST_KEY_UIStatusBarStyle[sdk=iphoneos*]" = UIStatusBarStyleDefault;
				"INFOPLIST_KEY_UIStatusBarStyle[sdk=iphonesimulator*]" = UIStatusBarStyleDefault;
				INFOPLIST_KEY_UISupportedInterfaceOrientations_iPad = "UIInterfaceOrientationPortrait UIInterfaceOrientationPortraitUpsideDown UIInterfaceOrientationLandscapeLeft UIInterfaceOrientationLandscapeRight";
				INFOPLIST_KEY_UISupportedInterfaceOrientations_iPhone = "UIInterfaceOrientationPortrait UIInterfaceOrientationLandscapeLeft UIInterfaceOrientationLandscapeRight";
				IPHONEOS_DEPLOYMENT_TARGET = 17.4;
				LD_RUNPATH_SEARCH_PATHS = "@executable_path/Frameworks";
				"LD_RUNPATH_SEARCH_PATHS[sdk=macosx*]" = "@executable_path/../Frameworks";
				MACOSX_DEPLOYMENT_TARGET = 14.4;
				MARKETING_VERSION = 1.0.0;
				PRODUCT_BUNDLE_IDENTIFIER = com.chontorres.StepTracker;
				PRODUCT_NAME = "$(TARGET_NAME)";
				SDKROOT = auto;
				SUPPORTED_PLATFORMS = "iphoneos iphonesimulator macosx";
				SWIFT_EMIT_LOC_STRINGS = YES;
				SWIFT_VERSION = 5.0;
				TARGETED_DEVICE_FAMILY = "1,2";
			};
			name = Release;
		};
/* End XCBuildConfiguration section */

/* Begin XCConfigurationList section */
		4DCBC74F2BDC6D1600538B2B /* Build configuration list for PBXProject "StepTracker" */ = {
			isa = XCConfigurationList;
			buildConfigurations = (
				4DCBC7612BDC6D1700538B2B /* Debug */,
				4DCBC7622BDC6D1700538B2B /* Release */,
			);
			defaultConfigurationIsVisible = 0;
			defaultConfigurationName = Release;
		};
		4DCBC7632BDC6D1700538B2B /* Build configuration list for PBXNativeTarget "StepTracker" */ = {
			isa = XCConfigurationList;
			buildConfigurations = (
				4DCBC7642BDC6D1700538B2B /* Debug */,
				4DCBC7652BDC6D1700538B2B /* Release */,
			);
			defaultConfigurationIsVisible = 0;
			defaultConfigurationName = Release;
		};
/* End XCConfigurationList section */

/* Begin XCRemoteSwiftPackageReference section */
		4D6EE2FB2C3C9C7500CF0459 /* XCRemoteSwiftPackageReference "swift-algorithms" */ = {
			isa = XCRemoteSwiftPackageReference;
			repositoryURL = "https://github.com/apple/swift-algorithms.git";
			requirement = {
				kind = upToNextMajorVersion;
				minimumVersion = 1.2.0;
			};
		};
/* End XCRemoteSwiftPackageReference section */

/* Begin XCSwiftPackageProductDependency section */
		4D6EE2FC2C3C9C7500CF0459 /* Algorithms */ = {
			isa = XCSwiftPackageProductDependency;
			package = 4D6EE2FB2C3C9C7500CF0459 /* XCRemoteSwiftPackageReference "swift-algorithms" */;
			productName = Algorithms;
		};
/* End XCSwiftPackageProductDependency section */
	};
	rootObject = 4DCBC74C2BDC6D1600538B2B /* Project object */;
}
